// !$*UTF8*$!
{
	archiveVersion = 1;
	classes = {};
	objectVersion = 54;
	objects = {

/* Begin PBXBuildFile section */
		E5A0C0012C0F000000000001 /* RTL88xxAUUserDriver.cpp in Sources */ = {isa = PBXBuildFile; fileRef = E5A0B0032C0F000000000001 /* RTL88xxAUUserDriver.cpp */; };
/* End PBXBuildFile section */

/* Begin PBXFileReference section */
		E5A0B0012C0F000000000001 /* RTL88xxAUUserDriver.hpp */ = {isa = PBXFileReference; lastKnownFileType = sourcecode.cpp.h; path = RTL88xxAUUserDriver.hpp; sourceTree = "<group>"; };
		E5A0B0032C0F000000000001 /* RTL88xxAUUserDriver.cpp */ = {isa = PBXFileReference; lastKnownFileType = sourcecode.cpp.cpp; path = RTL88xxAUUserDriver.cpp; sourceTree = "<group>"; };
		E5A0B0052C0F000000000001 /* Info.plist */ = {isa = PBXFileReference; lastKnownFileType = text.plist.xml; path = Info.plist; sourceTree = "<group>"; };
		E5A0B0072C0F000000000001 /* RTL88xxAUUserDriver.driverkit */ = {isa = PBXFileReference; explicitFileType = wrapper.system-extension; includeInIndex = 0; path = RTL88xxAUUserDriver.driverkit; sourceTree = BUILT_PRODUCTS_DIR; };
/* End PBXFileReference section */

/* Begin PBXGroup section */
		E5A0AFFF2C0F000000000001 = {
			isa = PBXGroup;
			children = (
				E5A0B0092C0F000000000001 /* Products */,
				E5A0B00A2C0F000000000001 /* Sources */,
			);
			sourceTree = "<group>";
		};
		E5A0B0092C0F000000000001 /* Products */ = {
			isa = PBXGroup;
			children = (
				E5A0B0072C0F000000000001 /* RTL88xxAUUserDriver.driverkit */,
			);
			name = Products;
			sourceTree = "<group>";
		};
		E5A0B00A2C0F000000000001 /* Sources */ = {
			isa = PBXGroup;
			children = (
				E5A0B0012C0F000000000001 /* RTL88xxAUUserDriver.hpp */,
				E5A0B0032C0F000000000001 /* RTL88xxAUUserDriver.cpp */,
				E5A0B0052C0F000000000001 /* Info.plist */,
			);
			name = Sources;
			path = .;
			sourceTree = "<group>";
		};
/* End PBXGroup section */

/* Begin PBXNativeTarget section */
		E5A0B00D2C0F000000000001 /* RTL88xxAUUserDriver */ = {
			isa = PBXNativeTarget;
			buildConfigurationList = E5A0B0132C0F000000000001 /* Build configuration list for PBXNativeTarget "RTL88xxAUUserDriver" */;
			buildPhases = (
				E5A0C0032C0F000000000001 /* Sources */, 
			);
			buildRules = (
			);
			dependencies = (
			);
			name = RTL88xxAUUserDriver;
			productName = RTL88xxAUUserDriver;
			productReference = E5A0B0072C0F000000000001 /* RTL88xxAUUserDriver.driverkit */;
			productType = "com.apple.product-type.driverkit-extension";
		};
/* End PBXNativeTarget section */

/* Begin PBXProject section */
		E5A0B00F2C0F000000000001 /* Project object */ = {
			isa = PBXProject;
			attributes = {
				LastUpgradeCheck = 1500;
				TargetAttributes = {
					E5A0B00D2C0F000000000001 = {
						ProvisioningStyle = Automatic;
					};
				};
			};
			buildConfigurationList = E5A0B0122C0F000000000001 /* Build configuration list for PBXProject "RTL88xxAUDriverKit" */;
			compatibilityVersion = "Xcode 14.0";
			developmentRegion = en;
			hasScannedForEncodings = 0;
			knownRegions = (
				en,
			);
			mainGroup = E5A0AFFF2C0F000000000001;
			productRefGroup = E5A0B0092C0F000000000001 /* Products */;
			projectDirPath = "";
			projectRoot = "";
			targets = (
				E5A0B00D2C0F000000000001 /* RTL88xxAUUserDriver */,
			);
		};
/* End PBXProject section */

/* Begin PBXSourcesBuildPhase section */
		E5A0C0032C0F000000000001 /* Sources */ = {
			isa = PBXSourcesBuildPhase;
			buildActionMask = 2147483647;
			files = (
				E5A0C0012C0F000000000001 /* RTL88xxAUUserDriver.cpp in Sources */,
			);
			runOnlyForDeploymentPostprocessing = 0;
		};
/* End PBXSourcesBuildPhase section */

/* Begin XCBuildConfiguration section */
		E5A0B0102C0F000000000001 /* Debug */ = {
			isa = XCBuildConfiguration;
			buildSettings = {
				CLANG_ENABLE_OBJC_ARC = YES;
				CODE_SIGNING_ALLOWED = NO;
				DEVELOPMENT_TEAM = "";
				PRODUCT_BUNDLE_IDENTIFIER = "com.realtek.driver.RTL88xxAU.driverkit";
				INFOPLIST_FILE = Info.plist;
				LD_RUNPATH_SEARCH_PATHS = "@loader_path/../Frameworks";
				MACOSX_DEPLOYMENT_TARGET = 13.0;
				SDKROOT = driverkit;
			};
			name = Debug;
		};
		E5A0B0112C0F000000000001 /* Release */ = {
			isa = XCBuildConfiguration;
			buildSettings = {
				CLANG_ENABLE_OBJC_ARC = YES;
				CODE_SIGNING_ALLOWED = NO;
				DEVELOPMENT_TEAM = "";
				PRODUCT_BUNDLE_IDENTIFIER = "com.realtek.driver.RTL88xxAU.driverkit";
				INFOPLIST_FILE = Info.plist;
				LD_RUNPATH_SEARCH_PATHS = "@loader_path/../Frameworks";
				MACOSX_DEPLOYMENT_TARGET = 13.0;
				SDKROOT = driverkit;
			};
			name = Release;
		};
		E5A0B0142C0F000000000001 /* Debug */ = {
			isa = XCBuildConfiguration;
			buildSettings = {
				CODE_SIGNING_ALLOWED = NO;
			};
			name = Debug;
		};
		E5A0B0152C0F000000000001 /* Release */ = {
			isa = XCBuildConfiguration;
			buildSettings = {
				CODE_SIGNING_ALLOWED = NO;
			};
			name = Release;
		};
/* End XCBuildConfiguration section */

/* Begin XCConfigurationList section */
		E5A0B0122C0F000000000001 /* Build configuration list for PBXProject "RTL88xxAUDriverKit" */ = {
			isa = XCConfigurationList;
			buildConfigurations = (
				E5A0B0142C0F000000000001 /* Debug */,
				E5A0B0152C0F000000000001 /* Release */,
			);
			defaultConfigurationIsVisible = 0;
			defaultConfigurationName = Debug;
		};
		E5A0B0132C0F000000000001 /* Build configuration list for PBXNativeTarget "RTL88xxAUUserDriver" */ = {
			isa = XCConfigurationList;
			buildConfigurations = (
				E5A0B0102C0F000000000001 /* Debug */,
				E5A0B0112C0F000000000001 /* Release */,
			);
			defaultConfigurationIsVisible = 0;
			defaultConfigurationName = Debug;
		};
/* End XCConfigurationList section */

	};
	rootObject = E5A0B00F2C0F000000000001 /* Project object */;
}
